
Microsoft Visual Studio Solution File, Format Version 12.00
# Visual Studio Version 16
VisualStudioVersion = 16.0.32228.343
MinimumVisualStudioVersion = 10.0.40219.1
Project("{FAE04EC0-301F-11D3-BF4B-00C04F79EFBC}") = "Arac_Kiralama_1.1_Version", "Arac_Kiralama_1.1_Version\Arac_Kiralama_1.1_Version.csproj", "{BA0FCF8D-6E38-4CF2-A674-3FF93C007E83}"
EndProject
Global
	GlobalSection(SolutionConfigurationPlatforms) = preSolution
		Debug|Any CPU = Debug|Any CPU
		Release|Any CPU = Release|Any CPU
	EndGlobalSection
	GlobalSection(ProjectConfigurationPlatforms) = postSolution
		{BA0FCF8D-6E38-4CF2-A674-3FF93C007E83}.Debug|Any CPU.ActiveCfg = Debug|Any CPU
		{BA0FCF8D-6E38-4CF2-A674-3FF93C007E83}.Debug|Any CPU.Build.0 = Debug|Any CPU
		{BA0FCF8D-6E38-4CF2-A674-3FF93C007E83}.Release|Any CPU.ActiveCfg = Release|Any CPU
		{BA0FCF8D-6E38-4CF2-A674-3FF93C007E83}.Release|Any CPU.Build.0 = Release|Any CPU
	EndGlobalSection
	GlobalSection(SolutionProperties) = preSolution
		HideSolutionNode = FALSE
	EndGlobalSection
	GlobalSection(ExtensibilityGlobals) = postSolution
		SolutionGuid = {895990E6-2D44-462C-89CE-C7BD76831714}
	EndGlobalSection
EndGlobal
